github.com/fsnotify/fsnotify v1.6.0 h1:n+5WquG0fcWoWp6xPWfHdbskMCQaFnG6PfBrh1Ky4HY=
github.com/fsnotify/fsnotify v1.6.0/go.mod h1:sl3t1tCWJFWoRz9R8WJCbQihKKwmorjAbSClcnxKAGw=
github.com/grafov/bcast v0.0.0-20190217190352-1447f067e08d h1:Q2+KsA/1GLC9xyLsDun3/EOJ+83rY/IHRsO1DToPrdo=
github.com/grafov/bcast v0.0.0-20190217190352-1447f067e08d/go.mod h1:RInr+B3/Tx70hYm0rpNPMTD7vH0pBG5ny/JsHAs2KcQ=
golang.org/x/net v0.40.0 h1:79Xs7wF06Gbdcg4kdCCIQArK11Z1hr5POQ6+fIYHNuY=
golang.org/x/net v0.40.0/go.mod h1:y0hY0exeL2Pku80/zKK7tpntoX23cqL3Oa6njdgRtds=
golang.org/x/sys v0.0.0-20220908164124-27713097b956/go.mod h1:oPkhp1MJrh7nUepCBck5+mAzfO9JrbApNNgaTdGDITg=
golang.org/x/sys v0.33.0 h1:q3i8TbbEz+JRD9ywIRlyRAQbM0qF7hu24q3teo2hbuw=
golang.org/x/sys v0.33.0/go.mod h1:BJP2sWEmIv4KK5OTEluFJCKSidICx8ciO85XgH3Ak8k=
gopkg.in/fatih/set.v0 v0.2.1 h1:Xvyyp7LXu34P0ROhCyfXkmQCAoOUKb1E2JS9I7SE5CY=
gopkg.in/fatih/set.v0 v0.2.1/go.mod h1:5eLWEndGL4zGGemXWrKuts+wTJR0y+w+auqUJZbmyBg=
gopkg.in/fsnotify.v1 v1.4.7 h1:xOHLXZwVvI9hhs+cLKq5+I5onOuwQLhQwiu63xxlHs4=
gopkg.in/fsnotify.v1 v1.4.7/go.mod h1:Tz8NjZHkW78fSQdbUxIjBTcgA1z1m8ZHf0WmKUhAMys=
